{
  "name": "js_usenodepackage",
  "version": "1.0.0",
  "lockfileVersion": 3,
  "requires": true,
  "packages": {
    "": {
      "name": "js_usenodepackage",
      "version": "1.0.0",
      "license": "ISC",
      "dependencies": {
        "@ilyapatis24/js_packagefornode": "^1.0.0"
      }
    },
    "node_modules/@ilyapatis24/js_packagefornode": {
      "version": "1.0.0",
      "resolved": "https://npm.pkg.github.com/download/@ilyapatis24/js_packagefornode/1.0.0/a820a100e96b2309dc25fe822a6daa2c225e4c1d",
      "integrity": "sha512-x2QmKGMT18E6o0PQ/+70PE0jNKWaRa9aVE4FWRPJ+bn1EmqApTjK+bOwan4zFWf58Lk5owIpN5+Lzh0Hl/HWMQ=="
    }
  }
}
